{
  "name": "@tuner/task-help",
  "version": "0.0.0",
  "lockfileVersion": 1,
  "requires": true,
  "dependencies": {
    "@types/columnify": {
      "version": "1.5.0",
      "resolved": "https://artifactory.tutu.ru:443/artifactory/api/npm/npm-common/@types/columnify/-/columnify-1.5.0.tgz",
      "integrity": "sha1-lLsx8UxmurbZaMqkVf8Trx8OdjI=",
      "dev": true
    },
    "ansi-regex": {
      "version": "2.1.1",
      "resolved": "https://artifactory.tutu.ru:443/artifactory/api/npm/npm-common/ansi-regex/-/ansi-regex-2.1.1.tgz",
      "integrity": "sha1-w7M6te42DYbg5ijwRorn7yfWVN8="
    },
    "clone": {
      "version": "1.0.4",
      "resolved": "https://artifactory.tutu.ru:443/artifactory/api/npm/npm-common/clone/-/clone-1.0.4.tgz",
      "integrity": "sha1-2jCcwmPfFZlMaIypAheco8fNfH4="
    },
    "columnify": {
      "version": "1.5.4",
      "resolved": "https://artifactory.tutu.ru:443/artifactory/api/npm/npm-common/columnify/-/columnify-1.5.4.tgz",
      "integrity": "sha1-Rzfd8ce2mop8NAVweC6UfuyOeLs=",
      "requires": {
        "strip-ansi": "^3.0.0",
        "wcwidth": "^1.0.0"
      }
    },
    "defaults": {
      "version": "1.0.3",
      "resolved": "https://artifactory.tutu.ru:443/artifactory/api/npm/npm-common/defaults/-/defaults-1.0.3.tgz",
      "integrity": "sha1-xlYFHpgX2f8I7YgUd/P+QBnz730=",
      "requires": {
        "clone": "^1.0.2"
      }
    },
    "strip-ansi": {
      "version": "3.0.1",
      "resolved": "https://artifactory.tutu.ru:443/artifactory/api/npm/npm-common/strip-ansi/-/strip-ansi-3.0.1.tgz",
      "integrity": "sha1-ajhfuIU9lS1f8F0Oiq+UJ43GPc8=",
      "requires": {
        "ansi-regex": "^2.0.0"
      }
    },
    "typescript": {
      "version": "4.1.3",
      "resolved": "https://artifactory.tutu.ru:443/artifactory/api/npm/npm-common/typescript/-/typescript-4.1.3.tgz",
      "integrity": "sha1-UZ1YK9lMugz4k0x9joRn5HP1O7c=",
      "dev": true
    },
    "wcwidth": {
      "version": "1.0.1",
      "resolved": "https://artifactory.tutu.ru:443/artifactory/api/npm/npm-common/wcwidth/-/wcwidth-1.0.1.tgz",
      "integrity": "sha1-8LDc+RW8X/FSivrbLA4XtTLaL+g=",
      "requires": {
        "defaults": "^1.0.3"
      }
    }
  }
}
