{
  "name": "@tuner/cli",
  "version": "0.0.0",
  "lockfileVersion": 1,
  "requires": true,
  "dependencies": {
    "@types/minimist": {
      "version": "1.2.1",
      "resolved": "https://artifactory.tutu.ru:443/artifactory/api/npm/npm-common/@types/minimist/-/minimist-1.2.1.tgz",
      "integrity": "sha1-KD9mn/dte4Jg34q3pCYsyD2YglY=",
      "dev": true
    },
    "minimist": {
      "version": "1.2.5",
      "resolved": "https://artifactory.tutu.ru:443/artifactory/api/npm/npm-common/minimist/-/minimist-1.2.5.tgz",
      "integrity": "sha1-Z9ZgFLZqaoqqDAg8X9WN9OTpdgI="
    },
    "typescript": {
      "version": "4.1.2",
      "resolved": "https://artifactory.tutu.ru:443/artifactory/api/npm/npm-common/typescript/-/typescript-4.1.2.tgz",
      "integrity": "sha1-Y2nvIlFv5eEDBKrlpcSGLbVTgOk=",
      "dev": true
    }
  }
}
